
Microsoft Visual Studio Solution File, Format Version 12.00
# Visual Studio 15
VisualStudioVersion = 15.0.26124.0
MinimumVisualStudioVersion = 15.0.26124.0
Project("{FAE04EC0-301F-11D3-BF4B-00C04F79EFBC}") = "API", "API\API.csproj", "{818A2F8A-EBE9-467D-81D1-EDDB0A874421}"
EndProject
Project("{FAE04EC0-301F-11D3-BF4B-00C04F79EFBC}") = "Application", "Application\Application.csproj", "{30AF3A81-6ACA-4B97-AE5F-F5F4EE1FCF66}"
EndProject
Project("{FAE04EC0-301F-11D3-BF4B-00C04F79EFBC}") = "Persistence", "Persistence\Persistence.csproj", "{C098408B-1563-4B44-AA5A-144B39DB6BE9}"
EndProject
Project("{FAE04EC0-301F-11D3-BF4B-00C04F79EFBC}") = "Domain", "Domain\Domain.csproj", "{C3FFD19B-1CBB-4538-9460-FBD169BC1D98}"
EndProject
Global
	GlobalSection(SolutionConfigurationPlatforms) = preSolution
		Debug|Any CPU = Debug|Any CPU
		Debug|x64 = Debug|x64
		Debug|x86 = Debug|x86
		Release|Any CPU = Release|Any CPU
		Release|x64 = Release|x64
		Release|x86 = Release|x86
	EndGlobalSection
	GlobalSection(SolutionProperties) = preSolution
		HideSolutionNode = FALSE
	EndGlobalSection
	GlobalSection(ProjectConfigurationPlatforms) = postSolution
		{818A2F8A-EBE9-467D-81D1-EDDB0A874421}.Debug|Any CPU.ActiveCfg = Debug|Any CPU
		{818A2F8A-EBE9-467D-81D1-EDDB0A874421}.Debug|Any CPU.Build.0 = Debug|Any CPU
		{818A2F8A-EBE9-467D-81D1-EDDB0A874421}.Debug|x64.ActiveCfg = Debug|Any CPU
		{818A2F8A-EBE9-467D-81D1-EDDB0A874421}.Debug|x64.Build.0 = Debug|Any CPU
		{818A2F8A-EBE9-467D-81D1-EDDB0A874421}.Debug|x86.ActiveCfg = Debug|Any CPU
		{818A2F8A-EBE9-467D-81D1-EDDB0A874421}.Debug|x86.Build.0 = Debug|Any CPU
		{818A2F8A-EBE9-467D-81D1-EDDB0A874421}.Release|Any CPU.ActiveCfg = Release|Any CPU
		{818A2F8A-EBE9-467D-81D1-EDDB0A874421}.Release|Any CPU.Build.0 = Release|Any CPU
		{818A2F8A-EBE9-467D-81D1-EDDB0A874421}.Release|x64.ActiveCfg = Release|Any CPU
		{818A2F8A-EBE9-467D-81D1-EDDB0A874421}.Release|x64.Build.0 = Release|Any CPU
		{818A2F8A-EBE9-467D-81D1-EDDB0A874421}.Release|x86.ActiveCfg = Release|Any CPU
		{818A2F8A-EBE9-467D-81D1-EDDB0A874421}.Release|x86.Build.0 = Release|Any CPU
		{30AF3A81-6ACA-4B97-AE5F-F5F4EE1FCF66}.Debug|Any CPU.ActiveCfg = Debug|Any CPU
		{30AF3A81-6ACA-4B97-AE5F-F5F4EE1FCF66}.Debug|Any CPU.Build.0 = Debug|Any CPU
		{30AF3A81-6ACA-4B97-AE5F-F5F4EE1FCF66}.Debug|x64.ActiveCfg = Debug|Any CPU
		{30AF3A81-6ACA-4B97-AE5F-F5F4EE1FCF66}.Debug|x64.Build.0 = Debug|Any CPU
		{30AF3A81-6ACA-4B97-AE5F-F5F4EE1FCF66}.Debug|x86.ActiveCfg = Debug|Any CPU
		{30AF3A81-6ACA-4B97-AE5F-F5F4EE1FCF66}.Debug|x86.Build.0 = Debug|Any CPU
		{30AF3A81-6ACA-4B97-AE5F-F5F4EE1FCF66}.Release|Any CPU.ActiveCfg = Release|Any CPU
		{30AF3A81-6ACA-4B97-AE5F-F5F4EE1FCF66}.Release|Any CPU.Build.0 = Release|Any CPU
		{30AF3A81-6ACA-4B97-AE5F-F5F4EE1FCF66}.Release|x64.ActiveCfg = Release|Any CPU
		{30AF3A81-6ACA-4B97-AE5F-F5F4EE1FCF66}.Release|x64.Build.0 = Release|Any CPU
		{30AF3A81-6ACA-4B97-AE5F-F5F4EE1FCF66}.Release|x86.ActiveCfg = Release|Any CPU
		{30AF3A81-6ACA-4B97-AE5F-F5F4EE1FCF66}.Release|x86.Build.0 = Release|Any CPU
		{C098408B-1563-4B44-AA5A-144B39DB6BE9}.Debug|Any CPU.ActiveCfg = Debug|Any CPU
		{C098408B-1563-4B44-AA5A-144B39DB6BE9}.Debug|Any CPU.Build.0 = Debug|Any CPU
		{C098408B-1563-4B44-AA5A-144B39DB6BE9}.Debug|x64.ActiveCfg = Debug|Any CPU
		{C098408B-1563-4B44-AA5A-144B39DB6BE9}.Debug|x64.Build.0 = Debug|Any CPU
		{C098408B-1563-4B44-AA5A-144B39DB6BE9}.Debug|x86.ActiveCfg = Debug|Any CPU
		{C098408B-1563-4B44-AA5A-144B39DB6BE9}.Debug|x86.Build.0 = Debug|Any CPU
		{C098408B-1563-4B44-AA5A-144B39DB6BE9}.Release|Any CPU.ActiveCfg = Release|Any CPU
		{C098408B-1563-4B44-AA5A-144B39DB6BE9}.Release|Any CPU.Build.0 = Release|Any CPU
		{C098408B-1563-4B44-AA5A-144B39DB6BE9}.Release|x64.ActiveCfg = Release|Any CPU
		{C098408B-1563-4B44-AA5A-144B39DB6BE9}.Release|x64.Build.0 = Release|Any CPU
		{C098408B-1563-4B44-AA5A-144B39DB6BE9}.Release|x86.ActiveCfg = Release|Any CPU
		{C098408B-1563-4B44-AA5A-144B39DB6BE9}.Release|x86.Build.0 = Release|Any CPU
		{C3FFD19B-1CBB-4538-9460-FBD169BC1D98}.Debug|Any CPU.ActiveCfg = Debug|Any CPU
		{C3FFD19B-1CBB-4538-9460-FBD169BC1D98}.Debug|Any CPU.Build.0 = Debug|Any CPU
		{C3FFD19B-1CBB-4538-9460-FBD169BC1D98}.Debug|x64.ActiveCfg = Debug|Any CPU
		{C3FFD19B-1CBB-4538-9460-FBD169BC1D98}.Debug|x64.Build.0 = Debug|Any CPU
		{C3FFD19B-1CBB-4538-9460-FBD169BC1D98}.Debug|x86.ActiveCfg = Debug|Any CPU
		{C3FFD19B-1CBB-4538-9460-FBD169BC1D98}.Debug|x86.Build.0 = Debug|Any CPU
		{C3FFD19B-1CBB-4538-9460-FBD169BC1D98}.Release|Any CPU.ActiveCfg = Release|Any CPU
		{C3FFD19B-1CBB-4538-9460-FBD169BC1D98}.Release|Any CPU.Build.0 = Release|Any CPU
		{C3FFD19B-1CBB-4538-9460-FBD169BC1D98}.Release|x64.ActiveCfg = Release|Any CPU
		{C3FFD19B-1CBB-4538-9460-FBD169BC1D98}.Release|x64.Build.0 = Release|Any CPU
		{C3FFD19B-1CBB-4538-9460-FBD169BC1D98}.Release|x86.ActiveCfg = Release|Any CPU
		{C3FFD19B-1CBB-4538-9460-FBD169BC1D98}.Release|x86.Build.0 = Release|Any CPU
	EndGlobalSection
EndGlobal
